
Microsoft Visual Studio Solution File, Format Version 12.00
# Visual Studio 15
VisualStudioVersion = 15.0.26730.15
MinimumVisualStudioVersion = 10.0.40219.1
Project("{FAE04EC0-301F-11D3-BF4B-00C04F79EFBC}") = "DebitCardNum", "DebitCardNum\DebitCardNum.csproj", "{6501FF06-5A9A-4905-BC73-235A46B3087B}"
EndProject
Project("{FAE04EC0-301F-11D3-BF4B-00C04F79EFBC}") = "RectangleArea", "RectangleArea\RectangleArea.csproj", "{B686BF09-C719-46CF-8901-B80CC699AFC6}"
EndProject
Project("{FAE04EC0-301F-11D3-BF4B-00C04F79EFBC}") = "MilesToKilometres", "MilesToKilometres\MilesToKilometres.csproj", "{B4E602C5-019E-43DD-BF42-A5F3C6987EFD}"
EndProject
Project("{FAE04EC0-301F-11D3-BF4B-00C04F79EFBC}") = "BeverageLabels", "BeverageLabels\BeverageLabels.csproj", "{B8097AA5-B820-489F-9E61-779DDD7DC301}"
EndProject
Project("{FAE04EC0-301F-11D3-BF4B-00C04F79EFBC}") = "CharacterStats", "CharacterStats\CharacterStats.csproj", "{F800FD5C-868C-48C7-8FDA-CCCB273743F3}"
EndProject
Global
	GlobalSection(SolutionConfigurationPlatforms) = preSolution
		Debug|Any CPU = Debug|Any CPU
		Release|Any CPU = Release|Any CPU
	EndGlobalSection
	GlobalSection(ProjectConfigurationPlatforms) = postSolution
		{6501FF06-5A9A-4905-BC73-235A46B3087B}.Debug|Any CPU.ActiveCfg = Debug|Any CPU
		{6501FF06-5A9A-4905-BC73-235A46B3087B}.Debug|Any CPU.Build.0 = Debug|Any CPU
		{6501FF06-5A9A-4905-BC73-235A46B3087B}.Release|Any CPU.ActiveCfg = Release|Any CPU
		{6501FF06-5A9A-4905-BC73-235A46B3087B}.Release|Any CPU.Build.0 = Release|Any CPU
		{B686BF09-C719-46CF-8901-B80CC699AFC6}.Debug|Any CPU.ActiveCfg = Debug|Any CPU
		{B686BF09-C719-46CF-8901-B80CC699AFC6}.Debug|Any CPU.Build.0 = Debug|Any CPU
		{B686BF09-C719-46CF-8901-B80CC699AFC6}.Release|Any CPU.ActiveCfg = Release|Any CPU
		{B686BF09-C719-46CF-8901-B80CC699AFC6}.Release|Any CPU.Build.0 = Release|Any CPU
		{B4E602C5-019E-43DD-BF42-A5F3C6987EFD}.Debug|Any CPU.ActiveCfg = Debug|Any CPU
		{B4E602C5-019E-43DD-BF42-A5F3C6987EFD}.Debug|Any CPU.Build.0 = Debug|Any CPU
		{B4E602C5-019E-43DD-BF42-A5F3C6987EFD}.Release|Any CPU.ActiveCfg = Release|Any CPU
		{B4E602C5-019E-43DD-BF42-A5F3C6987EFD}.Release|Any CPU.Build.0 = Release|Any CPU
		{B8097AA5-B820-489F-9E61-779DDD7DC301}.Debug|Any CPU.ActiveCfg = Debug|Any CPU
		{B8097AA5-B820-489F-9E61-779DDD7DC301}.Debug|Any CPU.Build.0 = Debug|Any CPU
		{B8097AA5-B820-489F-9E61-779DDD7DC301}.Release|Any CPU.ActiveCfg = Release|Any CPU
		{B8097AA5-B820-489F-9E61-779DDD7DC301}.Release|Any CPU.Build.0 = Release|Any CPU
		{F800FD5C-868C-48C7-8FDA-CCCB273743F3}.Debug|Any CPU.ActiveCfg = Debug|Any CPU
		{F800FD5C-868C-48C7-8FDA-CCCB273743F3}.Debug|Any CPU.Build.0 = Debug|Any CPU
		{F800FD5C-868C-48C7-8FDA-CCCB273743F3}.Release|Any CPU.ActiveCfg = Release|Any CPU
		{F800FD5C-868C-48C7-8FDA-CCCB273743F3}.Release|Any CPU.Build.0 = Release|Any CPU
	EndGlobalSection
	GlobalSection(SolutionProperties) = preSolution
		HideSolutionNode = FALSE
	EndGlobalSection
	GlobalSection(ExtensibilityGlobals) = postSolution
		SolutionGuid = {EEF6BC1D-082A-4BA7-983C-9A5C9A43ED03}
	EndGlobalSection
EndGlobal
